// !$*UTF8*$!
{
	archiveVersion = 1;
	classes = {
	};
	objectVersion = 46;
	objects = {

/* Begin PBXBuildFile section */
		3229253218BF470B00BC80BD /* main.cpp in Sources */ = {isa = PBXBuildFile; fileRef = 3229253118BF470B00BC80BD /* main.cpp */; };
		324A1DBE18C09D7F0001024B /* CmdCalcTrxDelay.cpp in Sources */ = {isa = PBXBuildFile; fileRef = 324A1DBC18C09D7F0001024B /* CmdCalcTrxDelay.cpp */; };
		32C9767617D60F4200F76D3F /* DummyDriver.cpp in Sources */ = {isa = PBXBuildFile; fileRef = 32C9766F17D60F4200F76D3F /* DummyDriver.cpp */; };
		32C9767717D60F4200F76D3F /* main.cpp in Sources */ = {isa = PBXBuildFile; fileRef = 32C9767117D60F4200F76D3F /* main.cpp */; };
		32C9767817D60F4200F76D3F /* ChaosMESS.cpp in Sources */ = {isa = PBXBuildFile; fileRef = 32C9767217D60F4200F76D3F /* ChaosMESS.cpp */; };
		32C9767917D60F4200F76D3F /* DefaultCommand.cpp in Sources */ = {isa = PBXBuildFile; fileRef = 32C9767417D60F4200F76D3F /* DefaultCommand.cpp */; };
/* End PBXBuildFile section */

/* Begin PBXCopyFilesBuildPhase section */
		3229252D18BF470B00BC80BD /* CopyFiles */ = {
			isa = PBXCopyFilesBuildPhase;
			buildActionMask = 2147483647;
			dstPath = /usr/share/man/man1/;
			dstSubfolderSpec = 0;
			files = (
			);
			runOnlyForDeploymentPostprocessing = 1;
		};
/* End PBXCopyFilesBuildPhase section */

/* Begin PBXFileReference section */
		3229252F18BF470B00BC80BD /* MessClient */ = {isa = PBXFileReference; explicitFileType = "compiled.mach-o.executable"; includeInIndex = 0; path = MessClient; sourceTree = BUILT_PRODUCTS_DIR; };
		3229253118BF470B00BC80BD /* main.cpp */ = {isa = PBXFileReference; lastKnownFileType = sourcecode.cpp.cpp; path = main.cpp; sourceTree = "<group>"; };
		324A1DBC18C09D7F0001024B /* CmdCalcTrxDelay.cpp */ = {isa = PBXFileReference; fileEncoding = 4; lastKnownFileType = sourcecode.cpp.cpp; name = CmdCalcTrxDelay.cpp; path = source/CmdCalcTrxDelay.cpp; sourceTree = SOURCE_ROOT; };
		324A1DBD18C09D7F0001024B /* CmdCalcTrxDelay.h */ = {isa = PBXFileReference; fileEncoding = 4; lastKnownFileType = sourcecode.c.h; name = CmdCalcTrxDelay.h; path = source/CmdCalcTrxDelay.h; sourceTree = SOURCE_ROOT; };
		32BE864A15A0E3C500818C39 /* CMakeLists.txt */ = {isa = PBXFileReference; lastKnownFileType = text; path = CMakeLists.txt; sourceTree = SOURCE_ROOT; };
		32C9766F17D60F4200F76D3F /* DummyDriver.cpp */ = {isa = PBXFileReference; fileEncoding = 4; lastKnownFileType = sourcecode.cpp.cpp; name = DummyDriver.cpp; path = source/DummyDriver.cpp; sourceTree = SOURCE_ROOT; };
		32C9767017D60F4200F76D3F /* DummyDriver.h */ = {isa = PBXFileReference; fileEncoding = 4; lastKnownFileType = sourcecode.c.h; name = DummyDriver.h; path = source/DummyDriver.h; sourceTree = SOURCE_ROOT; };
		32C9767117D60F4200F76D3F /* main.cpp */ = {isa = PBXFileReference; fileEncoding = 4; lastKnownFileType = sourcecode.cpp.cpp; name = main.cpp; path = source/main.cpp; sourceTree = SOURCE_ROOT; };
		32C9767217D60F4200F76D3F /* ChaosMESS.cpp */ = {isa = PBXFileReference; fileEncoding = 4; lastKnownFileType = sourcecode.cpp.cpp; name = ChaosMESS.cpp; path = source/ChaosMESS.cpp; sourceTree = SOURCE_ROOT; };
		32C9767317D60F4200F76D3F /* ChaosMESS.h */ = {isa = PBXFileReference; fileEncoding = 4; lastKnownFileType = sourcecode.c.h; name = ChaosMESS.h; path = source/ChaosMESS.h; sourceTree = SOURCE_ROOT; };
		32C9767417D60F4200F76D3F /* DefaultCommand.cpp */ = {isa = PBXFileReference; fileEncoding = 4; lastKnownFileType = sourcecode.cpp.cpp; name = DefaultCommand.cpp; path = source/DefaultCommand.cpp; sourceTree = SOURCE_ROOT; };
		32C9767517D60F4200F76D3F /* DefaultCommand.h */ = {isa = PBXFileReference; fileEncoding = 4; lastKnownFileType = sourcecode.c.h; name = DefaultCommand.h; path = source/DefaultCommand.h; sourceTree = SOURCE_ROOT; };
		32F7448F14B49CCB0025638B /* MessMonitor */ = {isa = PBXFileReference; explicitFileType = "compiled.mach-o.executable"; includeInIndex = 0; path = MessMonitor; sourceTree = BUILT_PRODUCTS_DIR; };
/* End PBXFileReference section */

/* Begin PBXFrameworksBuildPhase section */
		3229252C18BF470B00BC80BD /* Frameworks */ = {
			isa = PBXFrameworksBuildPhase;
			buildActionMask = 2147483647;
			files = (
			);
			runOnlyForDeploymentPostprocessing = 0;
		};
		32F7448C14B49CCB0025638B /* Frameworks */ = {
			isa = PBXFrameworksBuildPhase;
			buildActionMask = 2147483647;
			files = (
			);
			runOnlyForDeploymentPostprocessing = 0;
		};
/* End PBXFrameworksBuildPhase section */

/* Begin PBXGroup section */
		3229253018BF470B00BC80BD /* MessClient */ = {
			isa = PBXGroup;
			children = (
				3229253118BF470B00BC80BD /* main.cpp */,
			);
			path = MessClient;
			sourceTree = "<group>";
		};
		3260279D14B309ED00C906CE = {
			isa = PBXGroup;
			children = (
				32BE864A15A0E3C500818C39 /* CMakeLists.txt */,
				326DB50714B3B7890018A8D0 /* MessMonitor */,
				3229253018BF470B00BC80BD /* MessClient */,
				326027B914B30A2400C906CE /* Products */,
			);
			sourceTree = "<group>";
		};
		326027B914B30A2400C906CE /* Products */ = {
			isa = PBXGroup;
			children = (
				32F7448F14B49CCB0025638B /* MessMonitor */,
				3229252F18BF470B00BC80BD /* MessClient */,
			);
			name = Products;
			sourceTree = "<group>";
		};
		326DB50714B3B7890018A8D0 /* MessMonitor */ = {
			isa = PBXGroup;
			children = (
				32C9766F17D60F4200F76D3F /* DummyDriver.cpp */,
				32C9767017D60F4200F76D3F /* DummyDriver.h */,
				32C9767117D60F4200F76D3F /* main.cpp */,
				32C9767217D60F4200F76D3F /* ChaosMESS.cpp */,
				32C9767317D60F4200F76D3F /* ChaosMESS.h */,
				32C9767417D60F4200F76D3F /* DefaultCommand.cpp */,
				32C9767517D60F4200F76D3F /* DefaultCommand.h */,
				324A1DBC18C09D7F0001024B /* CmdCalcTrxDelay.cpp */,
				324A1DBD18C09D7F0001024B /* CmdCalcTrxDelay.h */,
			);
			name = MessMonitor;
			path = ControlUnitTest;
			sourceTree = "<group>";
		};
/* End PBXGroup section */

/* Begin PBXNativeTarget section */
		3229252E18BF470B00BC80BD /* MessClient */ = {
			isa = PBXNativeTarget;
			buildConfigurationList = 3229253718BF470B00BC80BD /* Build configuration list for PBXNativeTarget "MessClient" */;
			buildPhases = (
				3229252B18BF470B00BC80BD /* Sources */,
				3229252C18BF470B00BC80BD /* Frameworks */,
				3229252D18BF470B00BC80BD /* CopyFiles */,
			);
			buildRules = (
			);
			dependencies = (
			);
			name = MessClient;
			productName = MessClient;
			productReference = 3229252F18BF470B00BC80BD /* MessClient */;
			productType = "com.apple.product-type.tool";
		};
		32F7448E14B49CCB0025638B /* MessMonitor */ = {
			isa = PBXNativeTarget;
			buildConfigurationList = 32F7449614B49CCC0025638B /* Build configuration list for PBXNativeTarget "MessMonitor" */;
			buildPhases = (
				32F7448B14B49CCB0025638B /* Sources */,
				32F7448C14B49CCB0025638B /* Frameworks */,
			);
			buildRules = (
			);
			dependencies = (
			);
			name = MessMonitor;
			productName = ControlUnitTest;
			productReference = 32F7448F14B49CCB0025638B /* MessMonitor */;
			productType = "com.apple.product-type.tool";
		};
/* End PBXNativeTarget section */

/* Begin PBXProject section */
		3260279F14B309ED00C906CE /* Project object */ = {
			isa = PBXProject;
			attributes = {
				LastUpgradeCheck = 0430;
				ORGANIZATIONNAME = INFN;
			};
			buildConfigurationList = 326027A214B309ED00C906CE /* Build configuration list for PBXProject "chaos-mess" */;
			compatibilityVersion = "Xcode 3.2";
			developmentRegion = English;
			hasScannedForEncodings = 0;
			knownRegions = (
				en,
			);
			mainGroup = 3260279D14B309ED00C906CE;
			productRefGroup = 326027B914B30A2400C906CE /* Products */;
			projectDirPath = "";
			projectRoot = "";
			targets = (
				32F7448E14B49CCB0025638B /* MessMonitor */,
				3229252E18BF470B00BC80BD /* MessClient */,
			);
		};
/* End PBXProject section */

/* Begin PBXSourcesBuildPhase section */
		3229252B18BF470B00BC80BD /* Sources */ = {
			isa = PBXSourcesBuildPhase;
			buildActionMask = 2147483647;
			files = (
				3229253218BF470B00BC80BD /* main.cpp in Sources */,
			);
			runOnlyForDeploymentPostprocessing = 0;
		};
		32F7448B14B49CCB0025638B /* Sources */ = {
			isa = PBXSourcesBuildPhase;
			buildActionMask = 2147483647;
			files = (
				32C9767717D60F4200F76D3F /* main.cpp in Sources */,
				32C9767817D60F4200F76D3F /* ChaosMESS.cpp in Sources */,
				32C9767617D60F4200F76D3F /* DummyDriver.cpp in Sources */,
				324A1DBE18C09D7F0001024B /* CmdCalcTrxDelay.cpp in Sources */,
				32C9767917D60F4200F76D3F /* DefaultCommand.cpp in Sources */,
			);
			runOnlyForDeploymentPostprocessing = 0;
		};
/* End PBXSourcesBuildPhase section */

/* Begin XCBuildConfiguration section */
		3229253518BF470B00BC80BD /* Debug */ = {
			isa = XCBuildConfiguration;
			buildSettings = {
				ALWAYS_SEARCH_USER_PATHS = NO;
				CLANG_CXX_LANGUAGE_STANDARD = "compiler-default";
				CLANG_CXX_LIBRARY = "libstdc++";
				CLANG_ENABLE_OBJC_ARC = YES;
				CLANG_WARN_BOOL_CONVERSION = YES;
				CLANG_WARN_CONSTANT_CONVERSION = YES;
				CLANG_WARN_DIRECT_OBJC_ISA_USAGE = YES_ERROR;
				CLANG_WARN_EMPTY_BODY = YES;
				CLANG_WARN_ENUM_CONVERSION = YES;
				CLANG_WARN_INT_CONVERSION = YES;
				CLANG_WARN_OBJC_ROOT_CLASS = YES_ERROR;
				CLANG_WARN__DUPLICATE_METHOD_MATCH = YES;
				CONFIGURATION_BUILD_DIR = "$(SRCROOT)/../../usr/local/bin";
				COPY_PHASE_STRIP = NO;
				GCC_DYNAMIC_NO_PIC = NO;
				GCC_ENABLE_OBJC_EXCEPTIONS = YES;
				GCC_OPTIMIZATION_LEVEL = 0;
				GCC_PREPROCESSOR_DEFINITIONS = (
					"DEBUG=1",
					"$(inherited)",
				);
				GCC_SYMBOLS_PRIVATE_EXTERN = NO;
				GCC_WARN_64_TO_32_BIT_CONVERSION = YES;
				GCC_WARN_ABOUT_RETURN_TYPE = YES_ERROR;
				GCC_WARN_UNDECLARED_SELECTOR = YES;
				GCC_WARN_UNINITIALIZED_AUTOS = YES;
				GCC_WARN_UNUSED_FUNCTION = YES;
				GCC_WARN_UNUSED_VARIABLE = YES;
				HEADER_SEARCH_PATHS = ../../usr/local/include;
				LIBRARY_SEARCH_PATHS = "$(SRCROOT)/../../usr/local/lib";
				MACOSX_DEPLOYMENT_TARGET = 10.9;
				ONLY_ACTIVE_ARCH = YES;
				OTHER_LDFLAGS = (
					"-lboost_chrono",
					"-lmemcached",
					"-lboost_system",
					"-lboost_thread",
					"-lboost_program_options",
					"-lboost_regex",
					"-lboost_filesystem",
					"-lmpio",
					"-lmsgpack",
					"-lmsgpack-rpc",
					"-lboost_log",
					"-lboost_log_setup",
					"-lchaos_uitoolkit",
					"-lchaos_common",
				);
				PRODUCT_NAME = "$(TARGET_NAME)";
				SDKROOT = macosx;
			};
			name = Debug;
		};
		3229253618BF470B00BC80BD /* Release */ = {
			isa = XCBuildConfiguration;
			buildSettings = {
				ALWAYS_SEARCH_USER_PATHS = NO;
				CLANG_CXX_LANGUAGE_STANDARD = "compiler-default";
				CLANG_CXX_LIBRARY = "libstdc++";
				CLANG_ENABLE_OBJC_ARC = YES;
				CLANG_WARN_BOOL_CONVERSION = YES;
				CLANG_WARN_CONSTANT_CONVERSION = YES;
				CLANG_WARN_DIRECT_OBJC_ISA_USAGE = YES_ERROR;
				CLANG_WARN_EMPTY_BODY = YES;
				CLANG_WARN_ENUM_CONVERSION = YES;
				CLANG_WARN_INT_CONVERSION = YES;
				CLANG_WARN_OBJC_ROOT_CLASS = YES_ERROR;
				CLANG_WARN__DUPLICATE_METHOD_MATCH = YES;
				CONFIGURATION_BUILD_DIR = "$(SRCROOT)/../../usr/local/bin";
				COPY_PHASE_STRIP = YES;
				DEBUG_INFORMATION_FORMAT = "dwarf-with-dsym";
				ENABLE_NS_ASSERTIONS = NO;
				GCC_ENABLE_OBJC_EXCEPTIONS = YES;
				GCC_PREPROCESSOR_DEFINITIONS = BOOST_ALL_DYN_LINK;
				GCC_WARN_64_TO_32_BIT_CONVERSION = YES;
				GCC_WARN_ABOUT_RETURN_TYPE = YES_ERROR;
				GCC_WARN_UNDECLARED_SELECTOR = YES;
				GCC_WARN_UNINITIALIZED_AUTOS = YES;
				GCC_WARN_UNUSED_FUNCTION = YES;
				GCC_WARN_UNUSED_VARIABLE = YES;
				HEADER_SEARCH_PATHS = ../../usr/local/include;
				LIBRARY_SEARCH_PATHS = "$(SRCROOT)/../../usr/local/lib";
				MACOSX_DEPLOYMENT_TARGET = 10.9;
				OTHER_LDFLAGS = (
					"-lboost_chrono",
					"-lmemcached",
					"-lboost_system",
					"-lboost_thread",
					"-lboost_program_options",
					"-lboost_regex",
					"-lboost_filesystem",
					"-lmpio",
					"-lmsgpack",
					"-lmsgpack-rpc",
					"-lboost_log",
					"-lboost_log_setup",
					"-lchaos_uitoolkit",
					"-lchaos_common",
				);
				PRODUCT_NAME = "$(TARGET_NAME)";
				SDKROOT = macosx;
			};
			name = Release;
		};
		326027A414B309ED00C906CE /* Debug */ = {
			isa = XCBuildConfiguration;
			buildSettings = {
				CLANG_CXX_LANGUAGE_STANDARD = "gnu++98";
				CLANG_CXX_LIBRARY = "libstdc++";
				GCC_C_LANGUAGE_STANDARD = gnu99;
				GCC_PREPROCESSOR_DEFINITIONS = BOOST_ALL_DYN_LINK;
			};
			name = Debug;
		};
		326027A514B309ED00C906CE /* Release */ = {
			isa = XCBuildConfiguration;
			buildSettings = {
				CLANG_CXX_LANGUAGE_STANDARD = "gnu++98";
				CLANG_CXX_LIBRARY = "libstdc++";
				GCC_C_LANGUAGE_STANDARD = gnu99;
				GCC_PREPROCESSOR_DEFINITIONS = BOOST_ALL_DYN_LINK;
			};
			name = Release;
		};
		32F7449714B49CCC0025638B /* Debug */ = {
			isa = XCBuildConfiguration;
			buildSettings = {
				ALWAYS_SEARCH_USER_PATHS = NO;
				ARCHS = "$(ARCHS_STANDARD_64_BIT)";
				CLANG_CXX_LANGUAGE_STANDARD = "compiler-default";
				CLANG_CXX_LIBRARY = "libstdc++";
				CONFIGURATION_BUILD_DIR = "$(SRCROOT)/../../usr/local/bin";
				COPY_PHASE_STRIP = NO;
				GCC_C_LANGUAGE_STANDARD = gnu99;
				GCC_DYNAMIC_NO_PIC = NO;
				GCC_ENABLE_OBJC_EXCEPTIONS = YES;
				GCC_OPTIMIZATION_LEVEL = 0;
				GCC_PREPROCESSOR_DEFINITIONS = (
					"DEBUG=1",
					"$(inherited)",
				);
				GCC_SYMBOLS_PRIVATE_EXTERN = NO;
				GCC_VERSION = "";
				GCC_WARN_64_TO_32_BIT_CONVERSION = YES;
				GCC_WARN_ABOUT_RETURN_TYPE = YES;
				GCC_WARN_UNINITIALIZED_AUTOS = YES;
				GCC_WARN_UNUSED_VARIABLE = YES;
				HEADER_SEARCH_PATHS = ../../usr/local/include;
				LIBRARY_SEARCH_PATHS = "$(SRCROOT)/../../usr/local/lib";
				MACOSX_DEPLOYMENT_TARGET = 10.8;
				ONLY_ACTIVE_ARCH = YES;
				OTHER_LDFLAGS = (
					"-lboost_chrono",
					"-lmemcached",
					"-lboost_system",
					"-lboost_thread",
					"-lboost_program_options",
					"-lboost_regex",
					"-lboost_filesystem",
					"-lmpio",
					"-lmsgpack",
					"-lmsgpack-rpc",
					"-lboost_log",
					"-lboost_log_setup",
					"-lchaos_cutoolkit",
					"-lchaos_common",
				);
				PRODUCT_NAME = MessMonitor;
				SDKROOT = macosx;
			};
			name = Debug;
		};
		32F7449814B49CCC0025638B /* Release */ = {
			isa = XCBuildConfiguration;
			buildSettings = {
				ALWAYS_SEARCH_USER_PATHS = NO;
				ARCHS = "$(ARCHS_STANDARD_64_BIT)";
				CLANG_CXX_LANGUAGE_STANDARD = "compiler-default";
				CLANG_CXX_LIBRARY = "libstdc++";
				CONFIGURATION_BUILD_DIR = "$(SRCROOT)/../../usr/local/bin";
				COPY_PHASE_STRIP = YES;
				DEBUG_INFORMATION_FORMAT = "dwarf-with-dsym";
				GCC_C_LANGUAGE_STANDARD = gnu99;
				GCC_ENABLE_OBJC_EXCEPTIONS = YES;
				GCC_OPTIMIZATION_LEVEL = 2;
				GCC_PREPROCESSOR_DEFINITIONS = "$(inherited)";
				GCC_VERSION = "";
				GCC_WARN_64_TO_32_BIT_CONVERSION = YES;
				GCC_WARN_ABOUT_RETURN_TYPE = YES;
				GCC_WARN_UNINITIALIZED_AUTOS = YES;
				GCC_WARN_UNUSED_VARIABLE = YES;
				HEADER_SEARCH_PATHS = ../../usr/local/include;
				LIBRARY_SEARCH_PATHS = "$(SRCROOT)/../../usr/local/lib";
				MACOSX_DEPLOYMENT_TARGET = 10.8;
				OTHER_LDFLAGS = (
					"-lboost_chrono",
					"-lmemcached",
					"-lboost_system",
					"-lboost_thread",
					"-lboost_program_options",
					"-lboost_regex",
					"-lboost_filesystem",
					"-lmpio",
					"-lmsgpack",
					"-lmsgpack-rpc",
					"-lboost_log",
					"-lboost_log_setup",
					"-lchaos_cutoolkit",
					"-lchaos_common",
				);
				PRODUCT_NAME = MessMonitor;
				SDKROOT = macosx;
			};
			name = Release;
		};
/* End XCBuildConfiguration section */

/* Begin XCConfigurationList section */
		3229253718BF470B00BC80BD /* Build configuration list for PBXNativeTarget "MessClient" */ = {
			isa = XCConfigurationList;
			buildConfigurations = (
				3229253518BF470B00BC80BD /* Debug */,
				3229253618BF470B00BC80BD /* Release */,
			);
			defaultConfigurationIsVisible = 0;
			defaultConfigurationName = Release;
		};
		326027A214B309ED00C906CE /* Build configuration list for PBXProject "chaos-mess" */ = {
			isa = XCConfigurationList;
			buildConfigurations = (
				326027A414B309ED00C906CE /* Debug */,
				326027A514B309ED00C906CE /* Release */,
			);
			defaultConfigurationIsVisible = 0;
			defaultConfigurationName = Release;
		};
		32F7449614B49CCC0025638B /* Build configuration list for PBXNativeTarget "MessMonitor" */ = {
			isa = XCConfigurationList;
			buildConfigurations = (
				32F7449714B49CCC0025638B /* Debug */,
				32F7449814B49CCC0025638B /* Release */,
			);
			defaultConfigurationIsVisible = 0;
			defaultConfigurationName = Release;
		};
/* End XCConfigurationList section */
	};
	rootObject = 3260279F14B309ED00C906CE /* Project object */;
}
